github.com/duke-git/lancet/v2 v2.2.5 h1:cWkUbphN/mFpN/g4hcvVOhKJcvlNBOoi+Ek6bY9KTcs=
github.com/duke-git/lancet/v2 v2.2.5/go.mod h1:zGa2R4xswg6EG9I6WnyubDbFO/+A/RROxIbXcwryTsc=
golang.org/x/text v0.9.0 h1:2sjJmO8cDvYveuX97RDLsxlyUxLl+GHoLxBiRdHllBE=
golang.org/x/text v0.9.0/go.mod h1:e1OnstbJyHTd6l/uOt8jFFHp6TRDWZR/bV3emEE/zU8=
